<?xml version="1.0" encoding="utf-8"?>
<Project ToolsVersion="4.0" xmlns="http://schemas.microsoft.com/developer/msbuild/2003">
  <ItemGroup>
    <Filter Include="main">
      <UniqueIdentifier>{4FC737F1-C7A5-4376-A066-2A32D752A2FF}</UniqueIdentifier>
      <Extensions>cpp;c;cc;cxx;c++;cppm;ixx;def;odl;idl;hpj;bat;asm;asmx</Extensions>
    </Filter>
    <Filter Include="Library">
      <UniqueIdentifier>{0c9989b3-6c8a-4a5c-b598-e21c7db2b154}</UniqueIdentifier>
    </Filter>
    <Filter Include="PCH">
      <UniqueIdentifier>{5c8af29a-9358-4fd1-a6ae-fa4bc01433a8}</UniqueIdentifier>
    </Filter>
  </ItemGroup>
  <ItemGroup>
    <ClCompile Include="ParserLibrary.cpp">
      <Filter>main</Filter>
    </ClCompile>
    <ClCompile Include="stdafx.cpp">
      <Filter>PCH</Filter>
    </ClCompile>
    <ClCompile Include="CParser.cpp">
      <Filter>Library</Filter>
    </ClCompile>
  </ItemGroup>
  <ItemGroup>
    <ClInclude Include="stdafx.h">
      <Filter>PCH</Filter>
    </ClInclude>
    <ClInclude Include="CParser.h">
      <Filter>Library</Filter>
    </ClInclude>
  </ItemGroup>
</Project>